// !$*UTF8*$!
{
	archiveVersion = 1;
	classes = {
	};
	objectVersion = 51;
	objects = {

/* Begin PBXBuildFile section */
		7E1721C7DD8B7BCE2491AC29 /* libPods-CuriousKatie.a in Frameworks */ = {isa = PBXBuildFile; fileRef = EDEF6D4707DC58750CE38C24 /* libPods-CuriousKatie.a */; };
		D06642AE247557A3009F12CC /* Match.swift in Sources */ = {isa = PBXBuildFile; fileRef = D06642AD247557A3009F12CC /* Match.swift */; };
		D0ABA107244762B9008B5C88 /* AppDelegate.swift in Sources */ = {isa = PBXBuildFile; fileRef = D0ABA106244762B9008B5C88 /* AppDelegate.swift */; };
		D0ABA109244762B9008B5C88 /* SceneDelegate.swift in Sources */ = {isa = PBXBuildFile; fileRef = D0ABA108244762B9008B5C88 /* SceneDelegate.swift */; };
		D0ABA10B244762B9008B5C88 /* ViewController.swift in Sources */ = {isa = PBXBuildFile; fileRef = D0ABA10A244762B9008B5C88 /* ViewController.swift */; };
		D0ABA10E244762B9008B5C88 /* Main.storyboard in Resources */ = {isa = PBXBuildFile; fileRef = D0ABA10C244762B9008B5C88 /* Main.storyboard */; };
		D0ABA110244762BB008B5C88 /* Assets.xcassets in Resources */ = {isa = PBXBuildFile; fileRef = D0ABA10F244762BB008B5C88 /* Assets.xcassets */; };
		D0ABA113244762BB008B5C88 /* LaunchScreen.storyboard in Resources */ = {isa = PBXBuildFile; fileRef = D0ABA111244762BB008B5C88 /* LaunchScreen.storyboard */; };
		D0E23B032458523B0084CA99 /* swiftlint.sh in Resources */ = {isa = PBXBuildFile; fileRef = D0E23B022458523B0084CA99 /* swiftlint.sh */; };
		D0E23B062458A2DB0084CA99 /* Person.swift in Sources */ = {isa = PBXBuildFile; fileRef = D0E23B052458A2DB0084CA99 /* Person.swift */; };
		D0E23B082458A68F0084CA99 /* Interest.swift in Sources */ = {isa = PBXBuildFile; fileRef = D0E23B072458A68F0084CA99 /* Interest.swift */; };
		D0EDA7ED2459F84100A17041 /* Category.swift in Sources */ = {isa = PBXBuildFile; fileRef = D0EDA7EC2459F84100A17041 /* Category.swift */; };
		D0EDA7F12459FF9B00A17041 /* Gear.swift in Sources */ = {isa = PBXBuildFile; fileRef = D0EDA7F02459FF9B00A17041 /* Gear.swift */; };
		D0EDA7F3245A0AC800A17041 /* Environment.swift in Sources */ = {isa = PBXBuildFile; fileRef = D0EDA7F2245A0AC800A17041 /* Environment.swift */; };
		D0EDA7F7245B2F7600A17041 /* Helper.swift in Sources */ = {isa = PBXBuildFile; fileRef = D0EDA7F6245B2F7600A17041 /* Helper.swift */; };
/* End PBXBuildFile section */

/* Begin PBXFileReference section */
		A1359A008161423CB53D59F3 /* Pods-CuriousKatie.debug.xcconfig */ = {isa = PBXFileReference; includeInIndex = 1; lastKnownFileType = text.xcconfig; name = "Pods-CuriousKatie.debug.xcconfig"; path = "Target Support Files/Pods-CuriousKatie/Pods-CuriousKatie.debug.xcconfig"; sourceTree = "<group>"; };
		D06642AD247557A3009F12CC /* Match.swift */ = {isa = PBXFileReference; lastKnownFileType = sourcecode.swift; path = Match.swift; sourceTree = "<group>"; };
		D0ABA103244762B9008B5C88 /* CuriousKatie.app */ = {isa = PBXFileReference; explicitFileType = wrapper.application; includeInIndex = 0; path = CuriousKatie.app; sourceTree = BUILT_PRODUCTS_DIR; };
		D0ABA106244762B9008B5C88 /* AppDelegate.swift */ = {isa = PBXFileReference; lastKnownFileType = sourcecode.swift; path = AppDelegate.swift; sourceTree = "<group>"; };
		D0ABA108244762B9008B5C88 /* SceneDelegate.swift */ = {isa = PBXFileReference; lastKnownFileType = sourcecode.swift; path = SceneDelegate.swift; sourceTree = "<group>"; };
		D0ABA10A244762B9008B5C88 /* ViewController.swift */ = {isa = PBXFileReference; lastKnownFileType = sourcecode.swift; path = ViewController.swift; sourceTree = "<group>"; };
		D0ABA10D244762B9008B5C88 /* Base */ = {isa = PBXFileReference; lastKnownFileType = file.storyboard; name = Base; path = Base.lproj/Main.storyboard; sourceTree = "<group>"; };
		D0ABA10F244762BB008B5C88 /* Assets.xcassets */ = {isa = PBXFileReference; lastKnownFileType = folder.assetcatalog; path = Assets.xcassets; sourceTree = "<group>"; };
		D0ABA112244762BB008B5C88 /* Base */ = {isa = PBXFileReference; lastKnownFileType = file.storyboard; name = Base; path = Base.lproj/LaunchScreen.storyboard; sourceTree = "<group>"; };
		D0ABA114244762BB008B5C88 /* Info.plist */ = {isa = PBXFileReference; lastKnownFileType = text.plist.xml; path = Info.plist; sourceTree = "<group>"; };
		D0E23B022458523B0084CA99 /* swiftlint.sh */ = {isa = PBXFileReference; lastKnownFileType = text.script.sh; path = swiftlint.sh; sourceTree = "<group>"; };
		D0E23B052458A2DB0084CA99 /* Person.swift */ = {isa = PBXFileReference; lastKnownFileType = sourcecode.swift; path = Person.swift; sourceTree = "<group>"; };
		D0E23B072458A68F0084CA99 /* Interest.swift */ = {isa = PBXFileReference; lastKnownFileType = sourcecode.swift; path = Interest.swift; sourceTree = "<group>"; };
		D0EDA7EC2459F84100A17041 /* Category.swift */ = {isa = PBXFileReference; lastKnownFileType = sourcecode.swift; path = Category.swift; sourceTree = "<group>"; };
		D0EDA7F02459FF9B00A17041 /* Gear.swift */ = {isa = PBXFileReference; lastKnownFileType = sourcecode.swift; path = Gear.swift; sourceTree = "<group>"; };
		D0EDA7F2245A0AC800A17041 /* Environment.swift */ = {isa = PBXFileReference; lastKnownFileType = sourcecode.swift; path = Environment.swift; sourceTree = "<group>"; };
		D0EDA7F6245B2F7600A17041 /* Helper.swift */ = {isa = PBXFileReference; lastKnownFileType = sourcecode.swift; path = Helper.swift; sourceTree = "<group>"; };
		E5BDCF04E18E53CF77C98007 /* Pods-CuriousKatie.release.xcconfig */ = {isa = PBXFileReference; includeInIndex = 1; lastKnownFileType = text.xcconfig; name = "Pods-CuriousKatie.release.xcconfig"; path = "Target Support Files/Pods-CuriousKatie/Pods-CuriousKatie.release.xcconfig"; sourceTree = "<group>"; };
		EDEF6D4707DC58750CE38C24 /* libPods-CuriousKatie.a */ = {isa = PBXFileReference; explicitFileType = archive.ar; includeInIndex = 0; path = "libPods-CuriousKatie.a"; sourceTree = BUILT_PRODUCTS_DIR; };
/* End PBXFileReference section */

/* Begin PBXFrameworksBuildPhase section */
		D0ABA100244762B9008B5C88 /* Frameworks */ = {
			isa = PBXFrameworksBuildPhase;
			buildActionMask = 2147483647;
			files = (
				7E1721C7DD8B7BCE2491AC29 /* libPods-CuriousKatie.a in Frameworks */,
			);
			runOnlyForDeploymentPostprocessing = 0;
		};
/* End PBXFrameworksBuildPhase section */

/* Begin PBXGroup section */
		126A0223FB620010DFE76C7F /* Pods */ = {
			isa = PBXGroup;
			children = (
				A1359A008161423CB53D59F3 /* Pods-CuriousKatie.debug.xcconfig */,
				E5BDCF04E18E53CF77C98007 /* Pods-CuriousKatie.release.xcconfig */,
			);
			path = Pods;
			sourceTree = "<group>";
		};
		9D2FB429EF10919F3A27C437 /* Frameworks */ = {
			isa = PBXGroup;
			children = (
				EDEF6D4707DC58750CE38C24 /* libPods-CuriousKatie.a */,
			);
			name = Frameworks;
			sourceTree = "<group>";
		};
		D0ABA0FA244762B9008B5C88 = {
			isa = PBXGroup;
			children = (
				D0E23B01245851970084CA99 /* Scripts */,
				D0ABA105244762B9008B5C88 /* CuriousKatie */,
				D0ABA104244762B9008B5C88 /* Products */,
				126A0223FB620010DFE76C7F /* Pods */,
				9D2FB429EF10919F3A27C437 /* Frameworks */,
			);
			sourceTree = "<group>";
		};
		D0ABA104244762B9008B5C88 /* Products */ = {
			isa = PBXGroup;
			children = (
				D0ABA103244762B9008B5C88 /* CuriousKatie.app */,
			);
			name = Products;
			sourceTree = "<group>";
		};
		D0ABA105244762B9008B5C88 /* CuriousKatie */ = {
			isa = PBXGroup;
			children = (
				D0EDA7F5245B2F4400A17041 /* Helper */,
				D0EDA7E92459F0B500A17041 /* Resources */,
				D0ABA10A244762B9008B5C88 /* ViewController.swift */,
				D0ABA106244762B9008B5C88 /* AppDelegate.swift */,
				D0ABA108244762B9008B5C88 /* SceneDelegate.swift */,
				D0ABA10C244762B9008B5C88 /* Main.storyboard */,
				D0ABA10F244762BB008B5C88 /* Assets.xcassets */,
				D0ABA111244762BB008B5C88 /* LaunchScreen.storyboard */,
				D0ABA114244762BB008B5C88 /* Info.plist */,
			);
			path = CuriousKatie;
			sourceTree = "<group>";
		};
		D0E23B01245851970084CA99 /* Scripts */ = {
			isa = PBXGroup;
			children = (
				D0E23B022458523B0084CA99 /* swiftlint.sh */,
			);
			path = Scripts;
			sourceTree = "<group>";
		};
		D0EDA7E92459F0B500A17041 /* Resources */ = {
			isa = PBXGroup;
			children = (
				D0EDA7EC2459F84100A17041 /* Category.swift */,
				D0EDA7F2245A0AC800A17041 /* Environment.swift */,
				D0EDA7F02459FF9B00A17041 /* Gear.swift */,
				D0E23B072458A68F0084CA99 /* Interest.swift */,
				D06642AD247557A3009F12CC /* Match.swift */,
				D0E23B052458A2DB0084CA99 /* Person.swift */,
			);
			path = Resources;
			sourceTree = "<group>";
		};
		D0EDA7F5245B2F4400A17041 /* Helper */ = {
			isa = PBXGroup;
			children = (
				D0EDA7F6245B2F7600A17041 /* Helper.swift */,
			);
			path = Helper;
			sourceTree = "<group>";
		};
/* End PBXGroup section */

/* Begin PBXNativeTarget section */
		D0ABA102244762B9008B5C88 /* CuriousKatie */ = {
			isa = PBXNativeTarget;
			buildConfigurationList = D0ABA117244762BB008B5C88 /* Build configuration list for PBXNativeTarget "CuriousKatie" */;
			buildPhases = (
				D78777B9491A0825992030D2 /* [CP] Check Pods Manifest.lock */,
				D0ABA0FF244762B9008B5C88 /* Sources */,
				D0ABA100244762B9008B5C88 /* Frameworks */,
				D0ABA101244762B9008B5C88 /* Resources */,
				D0E23B04245855E60084CA99 /* SwiftLint */,
				D7B1590B099E605E53D40F89 /* [CP] Copy Pods Resources */,
			);
			buildRules = (
			);
			dependencies = (
			);
			name = CuriousKatie;
			productName = CuriousKatie;
			productReference = D0ABA103244762B9008B5C88 /* CuriousKatie.app */;
			productType = "com.apple.product-type.application";
		};
/* End PBXNativeTarget section */

/* Begin PBXProject section */
		D0ABA0FB244762B9008B5C88 /* Project object */ = {
			isa = PBXProject;
			attributes = {
				LastSwiftUpdateCheck = 1110;
				LastUpgradeCheck = 1110;
				ORGANIZATIONNAME = "Alex Ivanova";
				TargetAttributes = {
					D0ABA102244762B9008B5C88 = {
						CreatedOnToolsVersion = 11.1;
					};
				};
			};
			buildConfigurationList = D0ABA0FE244762B9008B5C88 /* Build configuration list for PBXProject "CuriousKatie" */;
			compatibilityVersion = "Xcode 9.3";
			developmentRegion = en;
			hasScannedForEncodings = 0;
			knownRegions = (
				en,
				Base,
			);
			mainGroup = D0ABA0FA244762B9008B5C88;
			productRefGroup = D0ABA104244762B9008B5C88 /* Products */;
			projectDirPath = "";
			projectRoot = "";
			targets = (
				D0ABA102244762B9008B5C88 /* CuriousKatie */,
			);
		};
/* End PBXProject section */

/* Begin PBXResourcesBuildPhase section */
		D0ABA101244762B9008B5C88 /* Resources */ = {
			isa = PBXResourcesBuildPhase;
			buildActionMask = 2147483647;
			files = (
				D0ABA113244762BB008B5C88 /* LaunchScreen.storyboard in Resources */,
				D0E23B032458523B0084CA99 /* swiftlint.sh in Resources */,
				D0ABA110244762BB008B5C88 /* Assets.xcassets in Resources */,
				D0ABA10E244762B9008B5C88 /* Main.storyboard in Resources */,
			);
			runOnlyForDeploymentPostprocessing = 0;
		};
/* End PBXResourcesBuildPhase section */

/* Begin PBXShellScriptBuildPhase section */
		D0E23B04245855E60084CA99 /* SwiftLint */ = {
			isa = PBXShellScriptBuildPhase;
			buildActionMask = 2147483647;
			files = (
			);
			inputFileListPaths = (
			);
			inputPaths = (
			);
			name = SwiftLint;
			outputFileListPaths = (
			);
			outputPaths = (
			);
			runOnlyForDeploymentPostprocessing = 0;
			shellPath = /bin/sh;
			shellScript = "$SRCROOT/Scripts/swiftlint.sh\n";
		};
		D78777B9491A0825992030D2 /* [CP] Check Pods Manifest.lock */ = {
			isa = PBXShellScriptBuildPhase;
			buildActionMask = 2147483647;
			files = (
			);
			inputFileListPaths = (
			);
			inputPaths = (
				"${PODS_PODFILE_DIR_PATH}/Podfile.lock",
				"${PODS_ROOT}/Manifest.lock",
			);
			name = "[CP] Check Pods Manifest.lock";
			outputFileListPaths = (
			);
			outputPaths = (
				"$(DERIVED_FILE_DIR)/Pods-CuriousKatie-checkManifestLockResult.txt",
			);
			runOnlyForDeploymentPostprocessing = 0;
			shellPath = /bin/sh;
			shellScript = "diff \"${PODS_PODFILE_DIR_PATH}/Podfile.lock\" \"${PODS_ROOT}/Manifest.lock\" > /dev/null\nif [ $? != 0 ] ; then\n    # print error to STDERR\n    echo \"error: The sandbox is not in sync with the Podfile.lock. Run 'pod install' or update your CocoaPods installation.\" >&2\n    exit 1\nfi\n# This output is used by Xcode 'outputs' to avoid re-running this script phase.\necho \"SUCCESS\" > \"${SCRIPT_OUTPUT_FILE_0}\"\n";
			showEnvVarsInLog = 0;
		};
		D7B1590B099E605E53D40F89 /* [CP] Copy Pods Resources */ = {
			isa = PBXShellScriptBuildPhase;
			buildActionMask = 2147483647;
			files = (
			);
			inputFileListPaths = (
				"${PODS_ROOT}/Target Support Files/Pods-CuriousKatie/Pods-CuriousKatie-resources-${CONFIGURATION}-input-files.xcfilelist",
			);
			name = "[CP] Copy Pods Resources";
			outputFileListPaths = (
				"${PODS_ROOT}/Target Support Files/Pods-CuriousKatie/Pods-CuriousKatie-resources-${CONFIGURATION}-output-files.xcfilelist",
			);
			runOnlyForDeploymentPostprocessing = 0;
			shellPath = /bin/sh;
			shellScript = "\"${PODS_ROOT}/Target Support Files/Pods-CuriousKatie/Pods-CuriousKatie-resources.sh\"\n";
			showEnvVarsInLog = 0;
		};
/* End PBXShellScriptBuildPhase section */

/* Begin PBXSourcesBuildPhase section */
		D0ABA0FF244762B9008B5C88 /* Sources */ = {
			isa = PBXSourcesBuildPhase;
			buildActionMask = 2147483647;
			files = (
				D0EDA7F12459FF9B00A17041 /* Gear.swift in Sources */,
				D0EDA7F3245A0AC800A17041 /* Environment.swift in Sources */,
				D0ABA10B244762B9008B5C88 /* ViewController.swift in Sources */,
				D06642AE247557A3009F12CC /* Match.swift in Sources */,
				D0ABA107244762B9008B5C88 /* AppDelegate.swift in Sources */,
				D0E23B062458A2DB0084CA99 /* Person.swift in Sources */,
				D0EDA7F7245B2F7600A17041 /* Helper.swift in Sources */,
				D0ABA109244762B9008B5C88 /* SceneDelegate.swift in Sources */,
				D0E23B082458A68F0084CA99 /* Interest.swift in Sources */,
				D0EDA7ED2459F84100A17041 /* Category.swift in Sources */,
			);
			runOnlyForDeploymentPostprocessing = 0;
		};
/* End PBXSourcesBuildPhase section */

/* Begin PBXVariantGroup section */
		D0ABA10C244762B9008B5C88 /* Main.storyboard */ = {
			isa = PBXVariantGroup;
			children = (
				D0ABA10D244762B9008B5C88 /* Base */,
			);
			name = Main.storyboard;
			sourceTree = "<group>";
		};
		D0ABA111244762BB008B5C88 /* LaunchScreen.storyboard */ = {
			isa = PBXVariantGroup;
			children = (
				D0ABA112244762BB008B5C88 /* Base */,
			);
			name = LaunchScreen.storyboard;
			sourceTree = "<group>";
		};
/* End PBXVariantGroup section */

/* Begin XCBuildConfiguration section */
		D0ABA115244762BB008B5C88 /* Debug */ = {
			isa = XCBuildConfiguration;
			buildSettings = {
				ALWAYS_SEARCH_USER_PATHS = NO;
				CLANG_ANALYZER_NONNULL = YES;
				CLANG_ANALYZER_NUMBER_OBJECT_CONVERSION = YES_AGGRESSIVE;
				CLANG_CXX_LANGUAGE_STANDARD = "gnu++14";
				CLANG_CXX_LIBRARY = "libc++";
				CLANG_ENABLE_MODULES = YES;
				CLANG_ENABLE_OBJC_ARC = YES;
				CLANG_ENABLE_OBJC_WEAK = YES;
				CLANG_WARN_BLOCK_CAPTURE_AUTORELEASING = YES;
				CLANG_WARN_BOOL_CONVERSION = YES;
				CLANG_WARN_COMMA = YES;
				CLANG_WARN_CONSTANT_CONVERSION = YES;
				CLANG_WARN_DEPRECATED_OBJC_IMPLEMENTATIONS = YES;
				CLANG_WARN_DIRECT_OBJC_ISA_USAGE = YES_ERROR;
				CLANG_WARN_DOCUMENTATION_COMMENTS = YES;
				CLANG_WARN_EMPTY_BODY = YES;
				CLANG_WARN_ENUM_CONVERSION = YES;
				CLANG_WARN_INFINITE_RECURSION = YES;
				CLANG_WARN_INT_CONVERSION = YES;
				CLANG_WARN_NON_LITERAL_NULL_CONVERSION = YES;
				CLANG_WARN_OBJC_IMPLICIT_RETAIN_SELF = YES;
				CLANG_WARN_OBJC_LITERAL_CONVERSION = YES;
				CLANG_WARN_OBJC_ROOT_CLASS = YES_ERROR;
				CLANG_WARN_RANGE_LOOP_ANALYSIS = YES;
				CLANG_WARN_STRICT_PROTOTYPES = YES;
				CLANG_WARN_SUSPICIOUS_MOVE = YES;
				CLANG_WARN_UNGUARDED_AVAILABILITY = YES_AGGRESSIVE;
				CLANG_WARN_UNREACHABLE_CODE = YES;
				CLANG_WARN__DUPLICATE_METHOD_MATCH = YES;
				COPY_PHASE_STRIP = NO;
				DEBUG_INFORMATION_FORMAT = dwarf;
				ENABLE_STRICT_OBJC_MSGSEND = YES;
				ENABLE_TESTABILITY = YES;
				GCC_C_LANGUAGE_STANDARD = gnu11;
				GCC_DYNAMIC_NO_PIC = NO;
				GCC_NO_COMMON_BLOCKS = YES;
				GCC_OPTIMIZATION_LEVEL = 0;
				GCC_PREPROCESSOR_DEFINITIONS = (
					"DEBUG=1",
					"$(inherited)",
				);
				GCC_WARN_64_TO_32_BIT_CONVERSION = YES;
				GCC_WARN_ABOUT_RETURN_TYPE = YES_ERROR;
				GCC_WARN_UNDECLARED_SELECTOR = YES;
				GCC_WARN_UNINITIALIZED_AUTOS = YES_AGGRESSIVE;
				GCC_WARN_UNUSED_FUNCTION = YES;
				GCC_WARN_UNUSED_VARIABLE = YES;
				IPHONEOS_DEPLOYMENT_TARGET = 13.1;
				MTL_ENABLE_DEBUG_INFO = INCLUDE_SOURCE;
				MTL_FAST_MATH = YES;
				ONLY_ACTIVE_ARCH = YES;
				SDKROOT = iphoneos;
				SWIFT_ACTIVE_COMPILATION_CONDITIONS = DEBUG;
				SWIFT_OPTIMIZATION_LEVEL = "-Onone";
			};
			name = Debug;
		};
		D0ABA116244762BB008B5C88 /* Release */ = {
			isa = XCBuildConfiguration;
			buildSettings = {
				ALWAYS_SEARCH_USER_PATHS = NO;
				CLANG_ANALYZER_NONNULL = YES;
				CLANG_ANALYZER_NUMBER_OBJECT_CONVERSION = YES_AGGRESSIVE;
				CLANG_CXX_LANGUAGE_STANDARD = "gnu++14";
				CLANG_CXX_LIBRARY = "libc++";
				CLANG_ENABLE_MODULES = YES;
				CLANG_ENABLE_OBJC_ARC = YES;
				CLANG_ENABLE_OBJC_WEAK = YES;
				CLANG_WARN_BLOCK_CAPTURE_AUTORELEASING = YES;
				CLANG_WARN_BOOL_CONVERSION = YES;
				CLANG_WARN_COMMA = YES;
				CLANG_WARN_CONSTANT_CONVERSION = YES;
				CLANG_WARN_DEPRECATED_OBJC_IMPLEMENTATIONS = YES;
				CLANG_WARN_DIRECT_OBJC_ISA_USAGE = YES_ERROR;
				CLANG_WARN_DOCUMENTATION_COMMENTS = YES;
				CLANG_WARN_EMPTY_BODY = YES;
				CLANG_WARN_ENUM_CONVERSION = YES;
				CLANG_WARN_INFINITE_RECURSION = YES;
				CLANG_WARN_INT_CONVERSION = YES;
				CLANG_WARN_NON_LITERAL_NULL_CONVERSION = YES;
				CLANG_WARN_OBJC_IMPLICIT_RETAIN_SELF = YES;
				CLANG_WARN_OBJC_LITERAL_CONVERSION = YES;
				CLANG_WARN_OBJC_ROOT_CLASS = YES_ERROR;
				CLANG_WARN_RANGE_LOOP_ANALYSIS = YES;
				CLANG_WARN_STRICT_PROTOTYPES = YES;
				CLANG_WARN_SUSPICIOUS_MOVE = YES;
				CLANG_WARN_UNGUARDED_AVAILABILITY = YES_AGGRESSIVE;
				CLANG_WARN_UNREACHABLE_CODE = YES;
				CLANG_WARN__DUPLICATE_METHOD_MATCH = YES;
				COPY_PHASE_STRIP = NO;
				DEBUG_INFORMATION_FORMAT = "dwarf-with-dsym";
				ENABLE_NS_ASSERTIONS = NO;
				ENABLE_STRICT_OBJC_MSGSEND = YES;
				GCC_C_LANGUAGE_STANDARD = gnu11;
				GCC_NO_COMMON_BLOCKS = YES;
				GCC_WARN_64_TO_32_BIT_CONVERSION = YES;
				GCC_WARN_ABOUT_RETURN_TYPE = YES_ERROR;
				GCC_WARN_UNDECLARED_SELECTOR = YES;
				GCC_WARN_UNINITIALIZED_AUTOS = YES_AGGRESSIVE;
				GCC_WARN_UNUSED_FUNCTION = YES;
				GCC_WARN_UNUSED_VARIABLE = YES;
				IPHONEOS_DEPLOYMENT_TARGET = 13.1;
				MTL_ENABLE_DEBUG_INFO = NO;
				MTL_FAST_MATH = YES;
				SDKROOT = iphoneos;
				SWIFT_COMPILATION_MODE = wholemodule;
				SWIFT_OPTIMIZATION_LEVEL = "-O";
				VALIDATE_PRODUCT = YES;
			};
			name = Release;
		};
		D0ABA118244762BB008B5C88 /* Debug */ = {
			isa = XCBuildConfiguration;
			baseConfigurationReference = A1359A008161423CB53D59F3 /* Pods-CuriousKatie.debug.xcconfig */;
			buildSettings = {
				ASSETCATALOG_COMPILER_APPICON_NAME = AppIcon;
				CODE_SIGN_STYLE = Automatic;
				DEVELOPMENT_TEAM = 6WAA8E6R87;
				INFOPLIST_FILE = CuriousKatie/Info.plist;
				LD_RUNPATH_SEARCH_PATHS = (
					"$(inherited)",
					"@executable_path/Frameworks",
				);
				PRODUCT_BUNDLE_IDENTIFIER = com.alexivanova.CuriousKatie;
				PRODUCT_NAME = "$(TARGET_NAME)";
				SWIFT_VERSION = 5.0;
				TARGETED_DEVICE_FAMILY = "1,2";
			};
			name = Debug;
		};
		D0ABA119244762BB008B5C88 /* Release */ = {
			isa = XCBuildConfiguration;
			baseConfigurationReference = E5BDCF04E18E53CF77C98007 /* Pods-CuriousKatie.release.xcconfig */;
			buildSettings = {
				ASSETCATALOG_COMPILER_APPICON_NAME = AppIcon;
				CODE_SIGN_STYLE = Automatic;
				DEVELOPMENT_TEAM = 6WAA8E6R87;
				INFOPLIST_FILE = CuriousKatie/Info.plist;
				LD_RUNPATH_SEARCH_PATHS = (
					"$(inherited)",
					"@executable_path/Frameworks",
				);
				PRODUCT_BUNDLE_IDENTIFIER = com.alexivanova.CuriousKatie;
				PRODUCT_NAME = "$(TARGET_NAME)";
				SWIFT_VERSION = 5.0;
				TARGETED_DEVICE_FAMILY = "1,2";
			};
			name = Release;
		};
/* End XCBuildConfiguration section */

/* Begin XCConfigurationList section */
		D0ABA0FE244762B9008B5C88 /* Build configuration list for PBXProject "CuriousKatie" */ = {
			isa = XCConfigurationList;
			buildConfigurations = (
				D0ABA115244762BB008B5C88 /* Debug */,
				D0ABA116244762BB008B5C88 /* Release */,
			);
			defaultConfigurationIsVisible = 0;
			defaultConfigurationName = Release;
		};
		D0ABA117244762BB008B5C88 /* Build configuration list for PBXNativeTarget "CuriousKatie" */ = {
			isa = XCConfigurationList;
			buildConfigurations = (
				D0ABA118244762BB008B5C88 /* Debug */,
				D0ABA119244762BB008B5C88 /* Release */,
			);
			defaultConfigurationIsVisible = 0;
			defaultConfigurationName = Release;
		};
/* End XCConfigurationList section */
	};
	rootObject = D0ABA0FB244762B9008B5C88 /* Project object */;
}
